
Microsoft Visual Studio Solution File, Format Version 12.00
# Visual Studio Version 16
VisualStudioVersion = 16.0.31702.278
MinimumVisualStudioVersion = 10.0.40219.1
Project("{9A19103F-16F7-4668-BE54-9A1E7A4F7556}") = "Trolling", "Trolling.csproj", "{57880F3B-8F49-4589-A983-7A6F5638ED4F}"
EndProject
Global
	GlobalSection(SolutionConfigurationPlatforms) = preSolution
		Debug|Any CPU = Debug|Any CPU
		Release|Any CPU = Release|Any CPU
	EndGlobalSection
	GlobalSection(ProjectConfigurationPlatforms) = postSolution
		{57880F3B-8F49-4589-A983-7A6F5638ED4F}.Debug|Any CPU.ActiveCfg = Debug|Any CPU
		{57880F3B-8F49-4589-A983-7A6F5638ED4F}.Debug|Any CPU.Build.0 = Debug|Any CPU
		{57880F3B-8F49-4589-A983-7A6F5638ED4F}.Release|Any CPU.ActiveCfg = Release|Any CPU
		{57880F3B-8F49-4589-A983-7A6F5638ED4F}.Release|Any CPU.Build.0 = Release|Any CPU
	EndGlobalSection
	GlobalSection(SolutionProperties) = preSolution
		HideSolutionNode = FALSE
	EndGlobalSection
	GlobalSection(ExtensibilityGlobals) = postSolution
		SolutionGuid = {1FA7A7F2-3331-4054-90D0-19E58B9D29F1}
	EndGlobalSection
EndGlobal
